
Microsoft Visual Studio Solution File, Format Version 12.00
# Visual Studio Version 16
VisualStudioVersion = 16.0.29209.62
MinimumVisualStudioVersion = 10.0.40219.1
Project("{FAE04EC0-301F-11D3-BF4B-00C04F79EFBC}") = "Manejador BD JTM", "Manejador BD JTM\Manejador BD JTM.csproj", "{355E886A-DDF1-4668-98CB-89772D052FDA}"
EndProject
Global
	GlobalSection(SolutionConfigurationPlatforms) = preSolution
		Debug|Any CPU = Debug|Any CPU
		Release|Any CPU = Release|Any CPU
	EndGlobalSection
	GlobalSection(ProjectConfigurationPlatforms) = postSolution
		{355E886A-DDF1-4668-98CB-89772D052FDA}.Debug|Any CPU.ActiveCfg = Debug|Any CPU
		{355E886A-DDF1-4668-98CB-89772D052FDA}.Debug|Any CPU.Build.0 = Debug|Any CPU
		{355E886A-DDF1-4668-98CB-89772D052FDA}.Release|Any CPU.ActiveCfg = Release|Any CPU
		{355E886A-DDF1-4668-98CB-89772D052FDA}.Release|Any CPU.Build.0 = Release|Any CPU
	EndGlobalSection
	GlobalSection(SolutionProperties) = preSolution
		HideSolutionNode = FALSE
	EndGlobalSection
	GlobalSection(ExtensibilityGlobals) = postSolution
		SolutionGuid = {18427C74-5370-4158-8E4E-E933B84296A7}
	EndGlobalSection
EndGlobal
